lockfileVersion: 5.4

specifiers:
  '@types/nprogress': ^0.2.0
  nprogress: ^0.2.0

dependencies:
  nprogress: 0.2.0

devDependencies:
  '@types/nprogress': 0.2.0

packages:

  /@types/nprogress/0.2.0:
    resolution: {integrity: sha512-1cYJrqq9GezNFPsWTZpFut/d4CjpZqA0vhqDUPFWYKF1oIyBz5qnoYMzR+0C/T96t3ebLAC1SSnwrVOm5/j74A==}
    dev: true

  /nprogress/0.2.0:
    resolution: {integrity: sha512-I19aIingLgR1fmhftnbWWO3dXc0hSxqHQHQb3H8m+K3TnEn/iSeTZZOyvKXWqQESMwuUVnatlCnZdLBZZt2VSA==}
    dev: false
